// !$*UTF8*$!
{
	archiveVersion = 1;
	classes = {
	};
	objectVersion = 48;
	objects = {

/* Begin PBXBuildFile section */
		26F3843D721358FF5771EF5E /* Pods_UdpStreamer.framework in Frameworks */ = {isa = PBXBuildFile; fileRef = CECFAE5A7B5F8C7773069209 /* Pods_UdpStreamer.framework */; };
		841B9D5C1F592B3F00EFA6FF /* AppDelegate.swift in Sources */ = {isa = PBXBuildFile; fileRef = 841B9D5B1F592B3F00EFA6FF /* AppDelegate.swift */; };
		841B9D5E1F592B3F00EFA6FF /* ViewController.swift in Sources */ = {isa = PBXBuildFile; fileRef = 841B9D5D1F592B3F00EFA6FF /* ViewController.swift */; };
		841B9D611F592B3F00EFA6FF /* Main.storyboard in Resources */ = {isa = PBXBuildFile; fileRef = 841B9D5F1F592B3F00EFA6FF /* Main.storyboard */; };
		841B9D631F592B3F00EFA6FF /* Assets.xcassets in Resources */ = {isa = PBXBuildFile; fileRef = 841B9D621F592B3F00EFA6FF /* Assets.xcassets */; };
		841B9D661F592B3F00EFA6FF /* LaunchScreen.storyboard in Resources */ = {isa = PBXBuildFile; fileRef = 841B9D641F592B3F00EFA6FF /* LaunchScreen.storyboard */; };
		841B9D721F59373B00EFA6FF /* Config.swift in Sources */ = {isa = PBXBuildFile; fileRef = 841B9D711F59373B00EFA6FF /* Config.swift */; };
		84D57E831F59507100BB6CCB /* UDPSocket.swift in Sources */ = {isa = PBXBuildFile; fileRef = 84D57E821F59507100BB6CCB /* UDPSocket.swift */; };
		84D57E861F595F9A00BB6CCB /* AVStream.swift in Sources */ = {isa = PBXBuildFile; fileRef = 84D57E851F595F9A00BB6CCB /* AVStream.swift */; };
/* End PBXBuildFile section */

/* Begin PBXFileReference section */
		41B5B467E6A0B1E880C8869F /* Pods-UdpStreamer.debug.xcconfig */ = {isa = PBXFileReference; includeInIndex = 1; lastKnownFileType = text.xcconfig; name = "Pods-UdpStreamer.debug.xcconfig"; path = "Pods/Target Support Files/Pods-UdpStreamer/Pods-UdpStreamer.debug.xcconfig"; sourceTree = "<group>"; };
		841B9D581F592B3F00EFA6FF /* UdpStreamer.app */ = {isa = PBXFileReference; explicitFileType = wrapper.application; includeInIndex = 0; path = UdpStreamer.app; sourceTree = BUILT_PRODUCTS_DIR; };
		841B9D5B1F592B3F00EFA6FF /* AppDelegate.swift */ = {isa = PBXFileReference; lastKnownFileType = sourcecode.swift; path = AppDelegate.swift; sourceTree = "<group>"; };
		841B9D5D1F592B3F00EFA6FF /* ViewController.swift */ = {isa = PBXFileReference; lastKnownFileType = sourcecode.swift; path = ViewController.swift; sourceTree = "<group>"; };
		841B9D601F592B3F00EFA6FF /* Base */ = {isa = PBXFileReference; lastKnownFileType = file.storyboard; name = Base; path = Base.lproj/Main.storyboard; sourceTree = "<group>"; };
		841B9D621F592B3F00EFA6FF /* Assets.xcassets */ = {isa = PBXFileReference; lastKnownFileType = folder.assetcatalog; path = Assets.xcassets; sourceTree = "<group>"; };
		841B9D651F592B3F00EFA6FF /* Base */ = {isa = PBXFileReference; lastKnownFileType = file.storyboard; name = Base; path = Base.lproj/LaunchScreen.storyboard; sourceTree = "<group>"; };
		841B9D671F592B3F00EFA6FF /* Info.plist */ = {isa = PBXFileReference; lastKnownFileType = text.plist.xml; path = Info.plist; sourceTree = "<group>"; };
		841B9D711F59373B00EFA6FF /* Config.swift */ = {isa = PBXFileReference; lastKnownFileType = sourcecode.swift; path = Config.swift; sourceTree = "<group>"; };
		84D57E821F59507100BB6CCB /* UDPSocket.swift */ = {isa = PBXFileReference; lastKnownFileType = sourcecode.swift; path = UDPSocket.swift; sourceTree = "<group>"; };
		84D57E851F595F9A00BB6CCB /* AVStream.swift */ = {isa = PBXFileReference; lastKnownFileType = sourcecode.swift; path = AVStream.swift; sourceTree = "<group>"; };
		CECFAE5A7B5F8C7773069209 /* Pods_UdpStreamer.framework */ = {isa = PBXFileReference; explicitFileType = wrapper.framework; includeInIndex = 0; path = Pods_UdpStreamer.framework; sourceTree = BUILT_PRODUCTS_DIR; };
		D2CF202ABFF97EE121AD3ECB /* Pods-UdpStreamer.release.xcconfig */ = {isa = PBXFileReference; includeInIndex = 1; lastKnownFileType = text.xcconfig; name = "Pods-UdpStreamer.release.xcconfig"; path = "Pods/Target Support Files/Pods-UdpStreamer/Pods-UdpStreamer.release.xcconfig"; sourceTree = "<group>"; };
/* End PBXFileReference section */

/* Begin PBXFrameworksBuildPhase section */
		841B9D551F592B3F00EFA6FF /* Frameworks */ = {
			isa = PBXFrameworksBuildPhase;
			buildActionMask = 2147483647;
			files = (
				26F3843D721358FF5771EF5E /* Pods_UdpStreamer.framework in Frameworks */,
			);
			runOnlyForDeploymentPostprocessing = 0;
		};
/* End PBXFrameworksBuildPhase section */

/* Begin PBXGroup section */
		11A8BD65F20C016BAB335A98 /* Pods */ = {
			isa = PBXGroup;
			children = (
				41B5B467E6A0B1E880C8869F /* Pods-UdpStreamer.debug.xcconfig */,
				D2CF202ABFF97EE121AD3ECB /* Pods-UdpStreamer.release.xcconfig */,
			);
			name = Pods;
			sourceTree = "<group>";
		};
		60B8860A7F9154F8A743A8F4 /* Frameworks */ = {
			isa = PBXGroup;
			children = (
				CECFAE5A7B5F8C7773069209 /* Pods_UdpStreamer.framework */,
			);
			name = Frameworks;
			sourceTree = "<group>";
		};
		841B9D4F1F592B3F00EFA6FF = {
			isa = PBXGroup;
			children = (
				84D57E841F595B9A00BB6CCB /* Managers */,
				841B9D5A1F592B3F00EFA6FF /* UdpStreamer */,
				841B9D591F592B3F00EFA6FF /* Products */,
				11A8BD65F20C016BAB335A98 /* Pods */,
				60B8860A7F9154F8A743A8F4 /* Frameworks */,
			);
			sourceTree = "<group>";
		};
		841B9D591F592B3F00EFA6FF /* Products */ = {
			isa = PBXGroup;
			children = (
				841B9D581F592B3F00EFA6FF /* UdpStreamer.app */,
			);
			name = Products;
			sourceTree = "<group>";
		};
		841B9D5A1F592B3F00EFA6FF /* UdpStreamer */ = {
			isa = PBXGroup;
			children = (
				841B9D711F59373B00EFA6FF /* Config.swift */,
				841B9D5B1F592B3F00EFA6FF /* AppDelegate.swift */,
				841B9D5D1F592B3F00EFA6FF /* ViewController.swift */,
				841B9D5F1F592B3F00EFA6FF /* Main.storyboard */,
				841B9D621F592B3F00EFA6FF /* Assets.xcassets */,
				841B9D641F592B3F00EFA6FF /* LaunchScreen.storyboard */,
				841B9D671F592B3F00EFA6FF /* Info.plist */,
			);
			path = UdpStreamer;
			sourceTree = "<group>";
		};
		84D57E841F595B9A00BB6CCB /* Managers */ = {
			isa = PBXGroup;
			children = (
				84D57E821F59507100BB6CCB /* UDPSocket.swift */,
				84D57E851F595F9A00BB6CCB /* AVStream.swift */,
			);
			path = Managers;
			sourceTree = "<group>";
		};
/* End PBXGroup section */

/* Begin PBXNativeTarget section */
		841B9D571F592B3F00EFA6FF /* UdpStreamer */ = {
			isa = PBXNativeTarget;
			buildConfigurationList = 841B9D6A1F592B3F00EFA6FF /* Build configuration list for PBXNativeTarget "UdpStreamer" */;
			buildPhases = (
				BEBE41085CA5E715C4F6940C /* [CP] Check Pods Manifest.lock */,
				841B9D541F592B3F00EFA6FF /* Sources */,
				841B9D551F592B3F00EFA6FF /* Frameworks */,
				841B9D561F592B3F00EFA6FF /* Resources */,
				EFD4F7ECBB6485FBE8033E6A /* [CP] Embed Pods Frameworks */,
				6272202838019545F6FD033C /* [CP] Copy Pods Resources */,
			);
			buildRules = (
			);
			dependencies = (
			);
			name = UdpStreamer;
			productName = UdpStreamer;
			productReference = 841B9D581F592B3F00EFA6FF /* UdpStreamer.app */;
			productType = "com.apple.product-type.application";
		};
/* End PBXNativeTarget section */

/* Begin PBXProject section */
		841B9D501F592B3F00EFA6FF /* Project object */ = {
			isa = PBXProject;
			attributes = {
				LastSwiftUpdateCheck = 0900;
				LastUpgradeCheck = 0900;
				ORGANIZATIONNAME = "Osman Mesut Özcan";
				TargetAttributes = {
					841B9D571F592B3F00EFA6FF = {
						CreatedOnToolsVersion = 9.0;
					};
				};
			};
			buildConfigurationList = 841B9D531F592B3F00EFA6FF /* Build configuration list for PBXProject "UdpStreamer" */;
			compatibilityVersion = "Xcode 8.0";
			developmentRegion = en;
			hasScannedForEncodings = 0;
			knownRegions = (
				en,
				Base,
			);
			mainGroup = 841B9D4F1F592B3F00EFA6FF;
			productRefGroup = 841B9D591F592B3F00EFA6FF /* Products */;
			projectDirPath = "";
			projectRoot = "";
			targets = (
				841B9D571F592B3F00EFA6FF /* UdpStreamer */,
			);
		};
/* End PBXProject section */

/* Begin PBXResourcesBuildPhase section */
		841B9D561F592B3F00EFA6FF /* Resources */ = {
			isa = PBXResourcesBuildPhase;
			buildActionMask = 2147483647;
			files = (
				841B9D661F592B3F00EFA6FF /* LaunchScreen.storyboard in Resources */,
				841B9D631F592B3F00EFA6FF /* Assets.xcassets in Resources */,
				841B9D611F592B3F00EFA6FF /* Main.storyboard in Resources */,
			);
			runOnlyForDeploymentPostprocessing = 0;
		};
/* End PBXResourcesBuildPhase section */

/* Begin PBXShellScriptBuildPhase section */
		6272202838019545F6FD033C /* [CP] Copy Pods Resources */ = {
			isa = PBXShellScriptBuildPhase;
			buildActionMask = 2147483647;
			files = (
			);
			inputPaths = (
			);
			name = "[CP] Copy Pods Resources";
			outputPaths = (
			);
			runOnlyForDeploymentPostprocessing = 0;
			shellPath = /bin/sh;
			shellScript = "\"${SRCROOT}/Pods/Target Support Files/Pods-UdpStreamer/Pods-UdpStreamer-resources.sh\"\n";
			showEnvVarsInLog = 0;
		};
		BEBE41085CA5E715C4F6940C /* [CP] Check Pods Manifest.lock */ = {
			isa = PBXShellScriptBuildPhase;
			buildActionMask = 2147483647;
			files = (
			);
			inputPaths = (
				"${PODS_PODFILE_DIR_PATH}/Podfile.lock",
				"${PODS_ROOT}/Manifest.lock",
			);
			name = "[CP] Check Pods Manifest.lock";
			outputPaths = (
				"$(DERIVED_FILE_DIR)/Pods-UdpStreamer-checkManifestLockResult.txt",
			);
			runOnlyForDeploymentPostprocessing = 0;
			shellPath = /bin/sh;
			shellScript = "diff \"${PODS_PODFILE_DIR_PATH}/Podfile.lock\" \"${PODS_ROOT}/Manifest.lock\" > /dev/null\nif [ $? != 0 ] ; then\n    # print error to STDERR\n    echo \"error: The sandbox is not in sync with the Podfile.lock. Run 'pod install' or update your CocoaPods installation.\" >&2\n    exit 1\nfi\n# This output is used by Xcode 'outputs' to avoid re-running this script phase.\necho \"SUCCESS\" > \"${SCRIPT_OUTPUT_FILE_0}\"\n";
			showEnvVarsInLog = 0;
		};
		EFD4F7ECBB6485FBE8033E6A /* [CP] Embed Pods Frameworks */ = {
			isa = PBXShellScriptBuildPhase;
			buildActionMask = 2147483647;
			files = (
			);
			inputPaths = (
				"${SRCROOT}/Pods/Target Support Files/Pods-UdpStreamer/Pods-UdpStreamer-frameworks.sh",
				"${BUILT_PRODUCTS_DIR}/CocoaAsyncSocket/CocoaAsyncSocket.framework",
			);
			name = "[CP] Embed Pods Frameworks";
			outputPaths = (
				"${TARGET_BUILD_DIR}/${FRAMEWORKS_FOLDER_PATH}/CocoaAsyncSocket.framework",
			);
			runOnlyForDeploymentPostprocessing = 0;
			shellPath = /bin/sh;
			shellScript = "\"${SRCROOT}/Pods/Target Support Files/Pods-UdpStreamer/Pods-UdpStreamer-frameworks.sh\"\n";
			showEnvVarsInLog = 0;
		};
/* End PBXShellScriptBuildPhase section */

/* Begin PBXSourcesBuildPhase section */
		841B9D541F592B3F00EFA6FF /* Sources */ = {
			isa = PBXSourcesBuildPhase;
			buildActionMask = 2147483647;
			files = (
				84D57E861F595F9A00BB6CCB /* AVStream.swift in Sources */,
				84D57E831F59507100BB6CCB /* UDPSocket.swift in Sources */,
				841B9D721F59373B00EFA6FF /* Config.swift in Sources */,
				841B9D5E1F592B3F00EFA6FF /* ViewController.swift in Sources */,
				841B9D5C1F592B3F00EFA6FF /* AppDelegate.swift in Sources */,
			);
			runOnlyForDeploymentPostprocessing = 0;
		};
/* End PBXSourcesBuildPhase section */

/* Begin PBXVariantGroup section */
		841B9D5F1F592B3F00EFA6FF /* Main.storyboard */ = {
			isa = PBXVariantGroup;
			children = (
				841B9D601F592B3F00EFA6FF /* Base */,
			);
			name = Main.storyboard;
			sourceTree = "<group>";
		};
		841B9D641F592B3F00EFA6FF /* LaunchScreen.storyboard */ = {
			isa = PBXVariantGroup;
			children = (
				841B9D651F592B3F00EFA6FF /* Base */,
			);
			name = LaunchScreen.storyboard;
			sourceTree = "<group>";
		};
/* End PBXVariantGroup section */

/* Begin XCBuildConfiguration section */
		841B9D681F592B3F00EFA6FF /* Debug */ = {
			isa = XCBuildConfiguration;
			buildSettings = {
				ALWAYS_SEARCH_USER_PATHS = NO;
				CLANG_ANALYZER_NONNULL = YES;
				CLANG_ANALYZER_NUMBER_OBJECT_CONVERSION = YES_AGGRESSIVE;
				CLANG_CXX_LANGUAGE_STANDARD = "gnu++14";
				CLANG_CXX_LIBRARY = "libc++";
				CLANG_ENABLE_MODULES = YES;
				CLANG_ENABLE_OBJC_ARC = YES;
				CLANG_WARN_BLOCK_CAPTURE_AUTORELEASING = YES;
				CLANG_WARN_BOOL_CONVERSION = YES;
				CLANG_WARN_COMMA = YES;
				CLANG_WARN_CONSTANT_CONVERSION = YES;
				CLANG_WARN_DIRECT_OBJC_ISA_USAGE = YES_ERROR;
				CLANG_WARN_DOCUMENTATION_COMMENTS = YES;
				CLANG_WARN_EMPTY_BODY = YES;
				CLANG_WARN_ENUM_CONVERSION = YES;
				CLANG_WARN_INFINITE_RECURSION = YES;
				CLANG_WARN_INT_CONVERSION = YES;
				CLANG_WARN_NON_LITERAL_NULL_CONVERSION = YES;
				CLANG_WARN_OBJC_LITERAL_CONVERSION = YES;
				CLANG_WARN_OBJC_ROOT_CLASS = YES_ERROR;
				CLANG_WARN_RANGE_LOOP_ANALYSIS = YES;
				CLANG_WARN_STRICT_PROTOTYPES = YES;
				CLANG_WARN_SUSPICIOUS_MOVE = YES;
				CLANG_WARN_UNGUARDED_AVAILABILITY = YES_AGGRESSIVE;
				CLANG_WARN_UNREACHABLE_CODE = YES;
				CLANG_WARN__DUPLICATE_METHOD_MATCH = YES;
				CODE_SIGN_IDENTITY = "iPhone Developer";
				COPY_PHASE_STRIP = NO;
				DEBUG_INFORMATION_FORMAT = dwarf;
				ENABLE_STRICT_OBJC_MSGSEND = YES;
				ENABLE_TESTABILITY = YES;
				GCC_C_LANGUAGE_STANDARD = gnu11;
				GCC_DYNAMIC_NO_PIC = NO;
				GCC_NO_COMMON_BLOCKS = YES;
				GCC_OPTIMIZATION_LEVEL = 0;
				GCC_PREPROCESSOR_DEFINITIONS = (
					"DEBUG=1",
					"$(inherited)",
				);
				GCC_WARN_64_TO_32_BIT_CONVERSION = YES;
				GCC_WARN_ABOUT_RETURN_TYPE = YES_ERROR;
				GCC_WARN_UNDECLARED_SELECTOR = YES;
				GCC_WARN_UNINITIALIZED_AUTOS = YES_AGGRESSIVE;
				GCC_WARN_UNUSED_FUNCTION = YES;
				GCC_WARN_UNUSED_VARIABLE = YES;
				IPHONEOS_DEPLOYMENT_TARGET = 11.0;
				MTL_ENABLE_DEBUG_INFO = YES;
				ONLY_ACTIVE_ARCH = YES;
				SDKROOT = iphoneos;
				SWIFT_ACTIVE_COMPILATION_CONDITIONS = DEBUG;
				SWIFT_OPTIMIZATION_LEVEL = "-Onone";
			};
			name = Debug;
		};
		841B9D691F592B3F00EFA6FF /* Release */ = {
			isa = XCBuildConfiguration;
			buildSettings = {
				ALWAYS_SEARCH_USER_PATHS = NO;
				CLANG_ANALYZER_NONNULL = YES;
				CLANG_ANALYZER_NUMBER_OBJECT_CONVERSION = YES_AGGRESSIVE;
				CLANG_CXX_LANGUAGE_STANDARD = "gnu++14";
				CLANG_CXX_LIBRARY = "libc++";
				CLANG_ENABLE_MODULES = YES;
				CLANG_ENABLE_OBJC_ARC = YES;
				CLANG_WARN_BLOCK_CAPTURE_AUTORELEASING = YES;
				CLANG_WARN_BOOL_CONVERSION = YES;
				CLANG_WARN_COMMA = YES;
				CLANG_WARN_CONSTANT_CONVERSION = YES;
				CLANG_WARN_DIRECT_OBJC_ISA_USAGE = YES_ERROR;
				CLANG_WARN_DOCUMENTATION_COMMENTS = YES;
				CLANG_WARN_EMPTY_BODY = YES;
				CLANG_WARN_ENUM_CONVERSION = YES;
				CLANG_WARN_INFINITE_RECURSION = YES;
				CLANG_WARN_INT_CONVERSION = YES;
				CLANG_WARN_NON_LITERAL_NULL_CONVERSION = YES;
				CLANG_WARN_OBJC_LITERAL_CONVERSION = YES;
				CLANG_WARN_OBJC_ROOT_CLASS = YES_ERROR;
				CLANG_WARN_RANGE_LOOP_ANALYSIS = YES;
				CLANG_WARN_STRICT_PROTOTYPES = YES;
				CLANG_WARN_SUSPICIOUS_MOVE = YES;
				CLANG_WARN_UNGUARDED_AVAILABILITY = YES_AGGRESSIVE;
				CLANG_WARN_UNREACHABLE_CODE = YES;
				CLANG_WARN__DUPLICATE_METHOD_MATCH = YES;
				CODE_SIGN_IDENTITY = "iPhone Developer";
				COPY_PHASE_STRIP = NO;
				DEBUG_INFORMATION_FORMAT = "dwarf-with-dsym";
				ENABLE_NS_ASSERTIONS = NO;
				ENABLE_STRICT_OBJC_MSGSEND = YES;
				GCC_C_LANGUAGE_STANDARD = gnu11;
				GCC_NO_COMMON_BLOCKS = YES;
				GCC_WARN_64_TO_32_BIT_CONVERSION = YES;
				GCC_WARN_ABOUT_RETURN_TYPE = YES_ERROR;
				GCC_WARN_UNDECLARED_SELECTOR = YES;
				GCC_WARN_UNINITIALIZED_AUTOS = YES_AGGRESSIVE;
				GCC_WARN_UNUSED_FUNCTION = YES;
				GCC_WARN_UNUSED_VARIABLE = YES;
				IPHONEOS_DEPLOYMENT_TARGET = 11.0;
				MTL_ENABLE_DEBUG_INFO = NO;
				SDKROOT = iphoneos;
				SWIFT_OPTIMIZATION_LEVEL = "-Owholemodule";
				VALIDATE_PRODUCT = YES;
			};
			name = Release;
		};
		841B9D6B1F592B3F00EFA6FF /* Debug */ = {
			isa = XCBuildConfiguration;
			baseConfigurationReference = 41B5B467E6A0B1E880C8869F /* Pods-UdpStreamer.debug.xcconfig */;
			buildSettings = {
				ASSETCATALOG_COMPILER_APPICON_NAME = AppIcon;
				DEVELOPMENT_TEAM = UL3G5ZE93D;
				INFOPLIST_FILE = UdpStreamer/Info.plist;
				LD_RUNPATH_SEARCH_PATHS = "$(inherited) @executable_path/Frameworks";
				PRODUCT_BUNDLE_IDENTIFIER = me.UdpStreamer;
				PRODUCT_NAME = "$(TARGET_NAME)";
				SWIFT_VERSION = 4.0;
				TARGETED_DEVICE_FAMILY = "1,2";
			};
			name = Debug;
		};
		841B9D6C1F592B3F00EFA6FF /* Release */ = {
			isa = XCBuildConfiguration;
			baseConfigurationReference = D2CF202ABFF97EE121AD3ECB /* Pods-UdpStreamer.release.xcconfig */;
			buildSettings = {
				ASSETCATALOG_COMPILER_APPICON_NAME = AppIcon;
				DEVELOPMENT_TEAM = UL3G5ZE93D;
				INFOPLIST_FILE = UdpStreamer/Info.plist;
				LD_RUNPATH_SEARCH_PATHS = "$(inherited) @executable_path/Frameworks";
				PRODUCT_BUNDLE_IDENTIFIER = me.UdpStreamer;
				PRODUCT_NAME = "$(TARGET_NAME)";
				SWIFT_VERSION = 4.0;
				TARGETED_DEVICE_FAMILY = "1,2";
			};
			name = Release;
		};
/* End XCBuildConfiguration section */

/* Begin XCConfigurationList section */
		841B9D531F592B3F00EFA6FF /* Build configuration list for PBXProject "UdpStreamer" */ = {
			isa = XCConfigurationList;
			buildConfigurations = (
				841B9D681F592B3F00EFA6FF /* Debug */,
				841B9D691F592B3F00EFA6FF /* Release */,
			);
			defaultConfigurationIsVisible = 0;
			defaultConfigurationName = Release;
		};
		841B9D6A1F592B3F00EFA6FF /* Build configuration list for PBXNativeTarget "UdpStreamer" */ = {
			isa = XCConfigurationList;
			buildConfigurations = (
				841B9D6B1F592B3F00EFA6FF /* Debug */,
				841B9D6C1F592B3F00EFA6FF /* Release */,
			);
			defaultConfigurationIsVisible = 0;
			defaultConfigurationName = Release;
		};
/* End XCConfigurationList section */
	};
	rootObject = 841B9D501F592B3F00EFA6FF /* Project object */;
}
